// !$*UTF8*$!
{
	archiveVersion = 1;
	classes = {
	};
	objectVersion = 50;
	objects = {

/* Begin PBXBuildFile section */
		C91EEF1625B0A5CD00D8A13E /* CustomSwiftUICarouselApp.swift in Sources */ = {isa = PBXBuildFile; fileRef = C91EEF1525B0A5CD00D8A13E /* CustomSwiftUICarouselApp.swift */; };
		C91EEF1825B0A5CD00D8A13E /* ContentView.swift in Sources */ = {isa = PBXBuildFile; fileRef = C91EEF1725B0A5CD00D8A13E /* ContentView.swift */; };
		C91EEF1A25B0A5CF00D8A13E /* Assets.xcassets in Resources */ = {isa = PBXBuildFile; fileRef = C91EEF1925B0A5CF00D8A13E /* Assets.xcassets */; };
		C91EEF1D25B0A5CF00D8A13E /* Preview Assets.xcassets in Resources */ = {isa = PBXBuildFile; fileRef = C91EEF1C25B0A5CF00D8A13E /* Preview Assets.xcassets */; };
		C91EEF2625B0A89900D8A13E /* CustomCarousel.swift in Sources */ = {isa = PBXBuildFile; fileRef = C91EEF2525B0A89900D8A13E /* CustomCarousel.swift */; };
		C91EEF2D25B611F600D8A13E /* Enums.swift in Sources */ = {isa = PBXBuildFile; fileRef = C91EEF2C25B611F500D8A13E /* Enums.swift */; };
/* End PBXBuildFile section */

/* Begin PBXFileReference section */
		C91EEF1225B0A5CD00D8A13E /* CustomSwiftUICarousel.app */ = {isa = PBXFileReference; explicitFileType = wrapper.application; includeInIndex = 0; path = CustomSwiftUICarousel.app; sourceTree = BUILT_PRODUCTS_DIR; };
		C91EEF1525B0A5CD00D8A13E /* CustomSwiftUICarouselApp.swift */ = {isa = PBXFileReference; lastKnownFileType = sourcecode.swift; path = CustomSwiftUICarouselApp.swift; sourceTree = "<group>"; };
		C91EEF1725B0A5CD00D8A13E /* ContentView.swift */ = {isa = PBXFileReference; lastKnownFileType = sourcecode.swift; path = ContentView.swift; sourceTree = "<group>"; };
		C91EEF1925B0A5CF00D8A13E /* Assets.xcassets */ = {isa = PBXFileReference; lastKnownFileType = folder.assetcatalog; path = Assets.xcassets; sourceTree = "<group>"; };
		C91EEF1C25B0A5CF00D8A13E /* Preview Assets.xcassets */ = {isa = PBXFileReference; lastKnownFileType = folder.assetcatalog; path = "Preview Assets.xcassets"; sourceTree = "<group>"; };
		C91EEF1E25B0A5CF00D8A13E /* Info.plist */ = {isa = PBXFileReference; lastKnownFileType = text.plist.xml; path = Info.plist; sourceTree = "<group>"; };
		C91EEF2525B0A89900D8A13E /* CustomCarousel.swift */ = {isa = PBXFileReference; lastKnownFileType = sourcecode.swift; path = CustomCarousel.swift; sourceTree = "<group>"; };
		C91EEF2C25B611F500D8A13E /* Enums.swift */ = {isa = PBXFileReference; lastKnownFileType = sourcecode.swift; path = Enums.swift; sourceTree = "<group>"; };
/* End PBXFileReference section */

/* Begin PBXFrameworksBuildPhase section */
		C91EEF0F25B0A5CD00D8A13E /* Frameworks */ = {
			isa = PBXFrameworksBuildPhase;
			buildActionMask = 2147483647;
			files = (
			);
			runOnlyForDeploymentPostprocessing = 0;
		};
/* End PBXFrameworksBuildPhase section */

/* Begin PBXGroup section */
		C91EEF0925B0A5CD00D8A13E = {
			isa = PBXGroup;
			children = (
				C91EEF1425B0A5CD00D8A13E /* CustomSwiftUICarousel */,
				C91EEF1325B0A5CD00D8A13E /* Products */,
			);
			sourceTree = "<group>";
		};
		C91EEF1325B0A5CD00D8A13E /* Products */ = {
			isa = PBXGroup;
			children = (
				C91EEF1225B0A5CD00D8A13E /* CustomSwiftUICarousel.app */,
			);
			name = Products;
			sourceTree = "<group>";
		};
		C91EEF1425B0A5CD00D8A13E /* CustomSwiftUICarousel */ = {
			isa = PBXGroup;
			children = (
				C91EEF1525B0A5CD00D8A13E /* CustomSwiftUICarouselApp.swift */,
				C91EEF1725B0A5CD00D8A13E /* ContentView.swift */,
				C91EEF2525B0A89900D8A13E /* CustomCarousel.swift */,
				C91EEF2C25B611F500D8A13E /* Enums.swift */,
				C91EEF1925B0A5CF00D8A13E /* Assets.xcassets */,
				C91EEF1E25B0A5CF00D8A13E /* Info.plist */,
				C91EEF1B25B0A5CF00D8A13E /* Preview Content */,
			);
			path = CustomSwiftUICarousel;
			sourceTree = "<group>";
		};
		C91EEF1B25B0A5CF00D8A13E /* Preview Content */ = {
			isa = PBXGroup;
			children = (
				C91EEF1C25B0A5CF00D8A13E /* Preview Assets.xcassets */,
			);
			path = "Preview Content";
			sourceTree = "<group>";
		};
/* End PBXGroup section */

/* Begin PBXNativeTarget section */
		C91EEF1125B0A5CD00D8A13E /* CustomSwiftUICarousel */ = {
			isa = PBXNativeTarget;
			buildConfigurationList = C91EEF2125B0A5CF00D8A13E /* Build configuration list for PBXNativeTarget "CustomSwiftUICarousel" */;
			buildPhases = (
				C91EEF0E25B0A5CD00D8A13E /* Sources */,
				C91EEF0F25B0A5CD00D8A13E /* Frameworks */,
				C91EEF1025B0A5CD00D8A13E /* Resources */,
			);
			buildRules = (
			);
			dependencies = (
			);
			name = CustomSwiftUICarousel;
			productName = CustomSwiftUICarousel;
			productReference = C91EEF1225B0A5CD00D8A13E /* CustomSwiftUICarousel.app */;
			productType = "com.apple.product-type.application";
		};
/* End PBXNativeTarget section */

/* Begin PBXProject section */
		C91EEF0A25B0A5CD00D8A13E /* Project object */ = {
			isa = PBXProject;
			attributes = {
				LastSwiftUpdateCheck = 1220;
				LastUpgradeCheck = 1220;
				TargetAttributes = {
					C91EEF1125B0A5CD00D8A13E = {
						CreatedOnToolsVersion = 12.2;
					};
				};
			};
			buildConfigurationList = C91EEF0D25B0A5CD00D8A13E /* Build configuration list for PBXProject "CustomSwiftUICarousel" */;
			compatibilityVersion = "Xcode 9.3";
			developmentRegion = en;
			hasScannedForEncodings = 0;
			knownRegions = (
				en,
				Base,
			);
			mainGroup = C91EEF0925B0A5CD00D8A13E;
			productRefGroup = C91EEF1325B0A5CD00D8A13E /* Products */;
			projectDirPath = "";
			projectRoot = "";
			targets = (
				C91EEF1125B0A5CD00D8A13E /* CustomSwiftUICarousel */,
			);
		};
/* End PBXProject section */

/* Begin PBXResourcesBuildPhase section */
		C91EEF1025B0A5CD00D8A13E /* Resources */ = {
			isa = PBXResourcesBuildPhase;
			buildActionMask = 2147483647;
			files = (
				C91EEF1D25B0A5CF00D8A13E /* Preview Assets.xcassets in Resources */,
				C91EEF1A25B0A5CF00D8A13E /* Assets.xcassets in Resources */,
			);
			runOnlyForDeploymentPostprocessing = 0;
		};
/* End PBXResourcesBuildPhase section */

/* Begin PBXSourcesBuildPhase section */
		C91EEF0E25B0A5CD00D8A13E /* Sources */ = {
			isa = PBXSourcesBuildPhase;
			buildActionMask = 2147483647;
			files = (
				C91EEF1825B0A5CD00D8A13E /* ContentView.swift in Sources */,
				C91EEF1625B0A5CD00D8A13E /* CustomSwiftUICarouselApp.swift in Sources */,
				C91EEF2D25B611F600D8A13E /* Enums.swift in Sources */,
				C91EEF2625B0A89900D8A13E /* CustomCarousel.swift in Sources */,
			);
			runOnlyForDeploymentPostprocessing = 0;
		};
/* End PBXSourcesBuildPhase section */

/* Begin XCBuildConfiguration section */
		C91EEF1F25B0A5CF00D8A13E /* Debug */ = {
			isa = XCBuildConfiguration;
			buildSettings = {
				ALWAYS_SEARCH_USER_PATHS = NO;
				CLANG_ANALYZER_NONNULL = YES;
				CLANG_ANALYZER_NUMBER_OBJECT_CONVERSION = YES_AGGRESSIVE;
				CLANG_CXX_LANGUAGE_STANDARD = "gnu++14";
				CLANG_CXX_LIBRARY = "libc++";
				CLANG_ENABLE_MODULES = YES;
				CLANG_ENABLE_OBJC_ARC = YES;
				CLANG_ENABLE_OBJC_WEAK = YES;
				CLANG_WARN_BLOCK_CAPTURE_AUTORELEASING = YES;
				CLANG_WARN_BOOL_CONVERSION = YES;
				CLANG_WARN_COMMA = YES;
				CLANG_WARN_CONSTANT_CONVERSION = YES;
				CLANG_WARN_DEPRECATED_OBJC_IMPLEMENTATIONS = YES;
				CLANG_WARN_DIRECT_OBJC_ISA_USAGE = YES_ERROR;
				CLANG_WARN_DOCUMENTATION_COMMENTS = YES;
				CLANG_WARN_EMPTY_BODY = YES;
				CLANG_WARN_ENUM_CONVERSION = YES;
				CLANG_WARN_INFINITE_RECURSION = YES;
				CLANG_WARN_INT_CONVERSION = YES;
				CLANG_WARN_NON_LITERAL_NULL_CONVERSION = YES;
				CLANG_WARN_OBJC_IMPLICIT_RETAIN_SELF = YES;
				CLANG_WARN_OBJC_LITERAL_CONVERSION = YES;
				CLANG_WARN_OBJC_ROOT_CLASS = YES_ERROR;
				CLANG_WARN_QUOTED_INCLUDE_IN_FRAMEWORK_HEADER = YES;
				CLANG_WARN_RANGE_LOOP_ANALYSIS = YES;
				CLANG_WARN_STRICT_PROTOTYPES = YES;
				CLANG_WARN_SUSPICIOUS_MOVE = YES;
				CLANG_WARN_UNGUARDED_AVAILABILITY = YES_AGGRESSIVE;
				CLANG_WARN_UNREACHABLE_CODE = YES;
				CLANG_WARN__DUPLICATE_METHOD_MATCH = YES;
				COPY_PHASE_STRIP = NO;
				DEBUG_INFORMATION_FORMAT = dwarf;
				ENABLE_STRICT_OBJC_MSGSEND = YES;
				ENABLE_TESTABILITY = YES;
				GCC_C_LANGUAGE_STANDARD = gnu11;
				GCC_DYNAMIC_NO_PIC = NO;
				GCC_NO_COMMON_BLOCKS = YES;
				GCC_OPTIMIZATION_LEVEL = 0;
				GCC_PREPROCESSOR_DEFINITIONS = (
					"DEBUG=1",
					"$(inherited)",
				);
				GCC_WARN_64_TO_32_BIT_CONVERSION = YES;
				GCC_WARN_ABOUT_RETURN_TYPE = YES_ERROR;
				GCC_WARN_UNDECLARED_SELECTOR = YES;
				GCC_WARN_UNINITIALIZED_AUTOS = YES_AGGRESSIVE;
				GCC_WARN_UNUSED_FUNCTION = YES;
				GCC_WARN_UNUSED_VARIABLE = YES;
				IPHONEOS_DEPLOYMENT_TARGET = 14.2;
				MTL_ENABLE_DEBUG_INFO = INCLUDE_SOURCE;
				MTL_FAST_MATH = YES;
				ONLY_ACTIVE_ARCH = YES;
				SDKROOT = iphoneos;
				SWIFT_ACTIVE_COMPILATION_CONDITIONS = DEBUG;
				SWIFT_OPTIMIZATION_LEVEL = "-Onone";
			};
			name = Debug;
		};
		C91EEF2025B0A5CF00D8A13E /* Release */ = {
			isa = XCBuildConfiguration;
			buildSettings = {
				ALWAYS_SEARCH_USER_PATHS = NO;
				CLANG_ANALYZER_NONNULL = YES;
				CLANG_ANALYZER_NUMBER_OBJECT_CONVERSION = YES_AGGRESSIVE;
				CLANG_CXX_LANGUAGE_STANDARD = "gnu++14";
				CLANG_CXX_LIBRARY = "libc++";
				CLANG_ENABLE_MODULES = YES;
				CLANG_ENABLE_OBJC_ARC = YES;
				CLANG_ENABLE_OBJC_WEAK = YES;
				CLANG_WARN_BLOCK_CAPTURE_AUTORELEASING = YES;
				CLANG_WARN_BOOL_CONVERSION = YES;
				CLANG_WARN_COMMA = YES;
				CLANG_WARN_CONSTANT_CONVERSION = YES;
				CLANG_WARN_DEPRECATED_OBJC_IMPLEMENTATIONS = YES;
				CLANG_WARN_DIRECT_OBJC_ISA_USAGE = YES_ERROR;
				CLANG_WARN_DOCUMENTATION_COMMENTS = YES;
				CLANG_WARN_EMPTY_BODY = YES;
				CLANG_WARN_ENUM_CONVERSION = YES;
				CLANG_WARN_INFINITE_RECURSION = YES;
				CLANG_WARN_INT_CONVERSION = YES;
				CLANG_WARN_NON_LITERAL_NULL_CONVERSION = YES;
				CLANG_WARN_OBJC_IMPLICIT_RETAIN_SELF = YES;
				CLANG_WARN_OBJC_LITERAL_CONVERSION = YES;
				CLANG_WARN_OBJC_ROOT_CLASS = YES_ERROR;
				CLANG_WARN_QUOTED_INCLUDE_IN_FRAMEWORK_HEADER = YES;
				CLANG_WARN_RANGE_LOOP_ANALYSIS = YES;
				CLANG_WARN_STRICT_PROTOTYPES = YES;
				CLANG_WARN_SUSPICIOUS_MOVE = YES;
				CLANG_WARN_UNGUARDED_AVAILABILITY = YES_AGGRESSIVE;
				CLANG_WARN_UNREACHABLE_CODE = YES;
				CLANG_WARN__DUPLICATE_METHOD_MATCH = YES;
				COPY_PHASE_STRIP = NO;
				DEBUG_INFORMATION_FORMAT = "dwarf-with-dsym";
				ENABLE_NS_ASSERTIONS = NO;
				ENABLE_STRICT_OBJC_MSGSEND = YES;
				GCC_C_LANGUAGE_STANDARD = gnu11;
				GCC_NO_COMMON_BLOCKS = YES;
				GCC_WARN_64_TO_32_BIT_CONVERSION = YES;
				GCC_WARN_ABOUT_RETURN_TYPE = YES_ERROR;
				GCC_WARN_UNDECLARED_SELECTOR = YES;
				GCC_WARN_UNINITIALIZED_AUTOS = YES_AGGRESSIVE;
				GCC_WARN_UNUSED_FUNCTION = YES;
				GCC_WARN_UNUSED_VARIABLE = YES;
				IPHONEOS_DEPLOYMENT_TARGET = 14.2;
				MTL_ENABLE_DEBUG_INFO = NO;
				MTL_FAST_MATH = YES;
				SDKROOT = iphoneos;
				SWIFT_COMPILATION_MODE = wholemodule;
				SWIFT_OPTIMIZATION_LEVEL = "-O";
				VALIDATE_PRODUCT = YES;
			};
			name = Release;
		};
		C91EEF2225B0A5CF00D8A13E /* Debug */ = {
			isa = XCBuildConfiguration;
			buildSettings = {
				ASSETCATALOG_COMPILER_APPICON_NAME = AppIcon;
				ASSETCATALOG_COMPILER_GLOBAL_ACCENT_COLOR_NAME = AccentColor;
				CODE_SIGN_STYLE = Automatic;
				DEVELOPMENT_ASSET_PATHS = "\"CustomSwiftUICarousel/Preview Content\"";
				DEVELOPMENT_TEAM = 7U8H9SK8NB;
				ENABLE_PREVIEWS = YES;
				INFOPLIST_FILE = CustomSwiftUICarousel/Info.plist;
				IPHONEOS_DEPLOYMENT_TARGET = 14.0;
				LD_RUNPATH_SEARCH_PATHS = (
					"$(inherited)",
					"@executable_path/Frameworks",
				);
				PRODUCT_BUNDLE_IDENTIFIER = com.andrasPal.CustomSwiftUICarousel;
				PRODUCT_NAME = "$(TARGET_NAME)";
				SWIFT_VERSION = 5.0;
				TARGETED_DEVICE_FAMILY = "1,2";
			};
			name = Debug;
		};
		C91EEF2325B0A5CF00D8A13E /* Release */ = {
			isa = XCBuildConfiguration;
			buildSettings = {
				ASSETCATALOG_COMPILER_APPICON_NAME = AppIcon;
				ASSETCATALOG_COMPILER_GLOBAL_ACCENT_COLOR_NAME = AccentColor;
				CODE_SIGN_STYLE = Automatic;
				DEVELOPMENT_ASSET_PATHS = "\"CustomSwiftUICarousel/Preview Content\"";
				DEVELOPMENT_TEAM = 7U8H9SK8NB;
				ENABLE_PREVIEWS = YES;
				INFOPLIST_FILE = CustomSwiftUICarousel/Info.plist;
				IPHONEOS_DEPLOYMENT_TARGET = 14.0;
				LD_RUNPATH_SEARCH_PATHS = (
					"$(inherited)",
					"@executable_path/Frameworks",
				);
				PRODUCT_BUNDLE_IDENTIFIER = com.andrasPal.CustomSwiftUICarousel;
				PRODUCT_NAME = "$(TARGET_NAME)";
				SWIFT_VERSION = 5.0;
				TARGETED_DEVICE_FAMILY = "1,2";
			};
			name = Release;
		};
/* End XCBuildConfiguration section */

/* Begin XCConfigurationList section */
		C91EEF0D25B0A5CD00D8A13E /* Build configuration list for PBXProject "CustomSwiftUICarousel" */ = {
			isa = XCConfigurationList;
			buildConfigurations = (
				C91EEF1F25B0A5CF00D8A13E /* Debug */,
				C91EEF2025B0A5CF00D8A13E /* Release */,
			);
			defaultConfigurationIsVisible = 0;
			defaultConfigurationName = Release;
		};
		C91EEF2125B0A5CF00D8A13E /* Build configuration list for PBXNativeTarget "CustomSwiftUICarousel" */ = {
			isa = XCConfigurationList;
			buildConfigurations = (
				C91EEF2225B0A5CF00D8A13E /* Debug */,
				C91EEF2325B0A5CF00D8A13E /* Release */,
			);
			defaultConfigurationIsVisible = 0;
			defaultConfigurationName = Release;
		};
/* End XCConfigurationList section */
	};
	rootObject = C91EEF0A25B0A5CD00D8A13E /* Project object */;
}
